
Microsoft Visual Studio Solution File, Format Version 12.00
# Visual Studio Version 17
VisualStudioVersion = 17.9.34701.34
MinimumVisualStudioVersion = 10.0.40219.1
Project("{9A19103F-16F7-4668-BE54-9A1E7A4F7556}") = "RestaurantOrderingSystemApp.EntityLayer", "RestaurantOrderingSystemApp.EntityLayer\RestaurantOrderingSystemApp.EntityLayer.csproj", "{D9048E9D-0835-4D7A-BA30-C51D7DC6B266}"
EndProject
Project("{9A19103F-16F7-4668-BE54-9A1E7A4F7556}") = "RestaurantOrderingSystemApp.DataAccessLayer", "RestaurantOrderingSystemApp.DataAccessLayer\RestaurantOrderingSystemApp.DataAccessLayer.csproj", "{2A61F66B-E00F-493B-A039-63876579AFE3}"
EndProject
Project("{9A19103F-16F7-4668-BE54-9A1E7A4F7556}") = "RestaurantOrderingSystemApp.BusinessLayer", "RestaurantOrderingSystemApp.BusinessLayer\RestaurantOrderingSystemApp.BusinessLayer.csproj", "{7786EA4A-8169-4294-942A-C7729E9A06DC}"
EndProject
Project("{9A19103F-16F7-4668-BE54-9A1E7A4F7556}") = "RestaurantOrderingSystemApp.WebUI", "RestaurantOrderingSystemApp.WebUI\RestaurantOrderingSystemApp.WebUI.csproj", "{8904FC35-1A7C-450C-B085-463514D527A8}"
EndProject
Global
	GlobalSection(SolutionConfigurationPlatforms) = preSolution
		Debug|Any CPU = Debug|Any CPU
		Release|Any CPU = Release|Any CPU
	EndGlobalSection
	GlobalSection(ProjectConfigurationPlatforms) = postSolution
		{D9048E9D-0835-4D7A-BA30-C51D7DC6B266}.Debug|Any CPU.ActiveCfg = Debug|Any CPU
		{D9048E9D-0835-4D7A-BA30-C51D7DC6B266}.Debug|Any CPU.Build.0 = Debug|Any CPU
		{D9048E9D-0835-4D7A-BA30-C51D7DC6B266}.Release|Any CPU.ActiveCfg = Release|Any CPU
		{D9048E9D-0835-4D7A-BA30-C51D7DC6B266}.Release|Any CPU.Build.0 = Release|Any CPU
		{2A61F66B-E00F-493B-A039-63876579AFE3}.Debug|Any CPU.ActiveCfg = Debug|Any CPU
		{2A61F66B-E00F-493B-A039-63876579AFE3}.Debug|Any CPU.Build.0 = Debug|Any CPU
		{2A61F66B-E00F-493B-A039-63876579AFE3}.Release|Any CPU.ActiveCfg = Release|Any CPU
		{2A61F66B-E00F-493B-A039-63876579AFE3}.Release|Any CPU.Build.0 = Release|Any CPU
		{7786EA4A-8169-4294-942A-C7729E9A06DC}.Debug|Any CPU.ActiveCfg = Debug|Any CPU
		{7786EA4A-8169-4294-942A-C7729E9A06DC}.Debug|Any CPU.Build.0 = Debug|Any CPU
		{7786EA4A-8169-4294-942A-C7729E9A06DC}.Release|Any CPU.ActiveCfg = Release|Any CPU
		{7786EA4A-8169-4294-942A-C7729E9A06DC}.Release|Any CPU.Build.0 = Release|Any CPU
		{8904FC35-1A7C-450C-B085-463514D527A8}.Debug|Any CPU.ActiveCfg = Debug|Any CPU
		{8904FC35-1A7C-450C-B085-463514D527A8}.Debug|Any CPU.Build.0 = Debug|Any CPU
		{8904FC35-1A7C-450C-B085-463514D527A8}.Release|Any CPU.ActiveCfg = Release|Any CPU
		{8904FC35-1A7C-450C-B085-463514D527A8}.Release|Any CPU.Build.0 = Release|Any CPU
	EndGlobalSection
	GlobalSection(SolutionProperties) = preSolution
		HideSolutionNode = FALSE
	EndGlobalSection
	GlobalSection(ExtensibilityGlobals) = postSolution
		SolutionGuid = {439436D0-A6A8-4637-AE20-05D6E30DC243}
	EndGlobalSection
EndGlobal
